
Microsoft Visual Studio Solution File, Format Version 12.00
# Visual Studio Version 17
VisualStudioVersion = 17.11.35222.181
MinimumVisualStudioVersion = 10.0.40219.1
Project("{9A19103F-16F7-4668-BE54-9A1E7A4F7556}") = "LienC#Sql", "LienC#Sql.csproj", "{536D5BF7-7171-481D-A769-80C321E78CF4}"
EndProject
Project("{9A19103F-16F7-4668-BE54-9A1E7A4F7556}") = "GrapheAssociation", "..\GrapheAssociation - Copie\GrapheAssociation.csproj", "{48554CD5-173B-4036-9A40-7191C70F28FB}"
EndProject
Global
	GlobalSection(SolutionConfigurationPlatforms) = preSolution
		Debug|Any CPU = Debug|Any CPU
		Release|Any CPU = Release|Any CPU
	EndGlobalSection
	GlobalSection(ProjectConfigurationPlatforms) = postSolution
		{536D5BF7-7171-481D-A769-80C321E78CF4}.Debug|Any CPU.ActiveCfg = Debug|Any CPU
		{536D5BF7-7171-481D-A769-80C321E78CF4}.Debug|Any CPU.Build.0 = Debug|Any CPU
		{536D5BF7-7171-481D-A769-80C321E78CF4}.Release|Any CPU.ActiveCfg = Release|Any CPU
		{536D5BF7-7171-481D-A769-80C321E78CF4}.Release|Any CPU.Build.0 = Release|Any CPU
		{48554CD5-173B-4036-9A40-7191C70F28FB}.Debug|Any CPU.ActiveCfg = Debug|Any CPU
		{48554CD5-173B-4036-9A40-7191C70F28FB}.Debug|Any CPU.Build.0 = Debug|Any CPU
		{48554CD5-173B-4036-9A40-7191C70F28FB}.Release|Any CPU.ActiveCfg = Release|Any CPU
		{48554CD5-173B-4036-9A40-7191C70F28FB}.Release|Any CPU.Build.0 = Release|Any CPU
	EndGlobalSection
	GlobalSection(SolutionProperties) = preSolution
		HideSolutionNode = FALSE
	EndGlobalSection
	GlobalSection(ExtensibilityGlobals) = postSolution
		SolutionGuid = {3B4554F9-CF32-4A50-AEDF-5364FBD5762C}
	EndGlobalSection
EndGlobal
